
Microsoft Visual Studio Solution File, Format Version 12.00
# Visual Studio Version 16
VisualStudioVersion = 16.0.29424.173
MinimumVisualStudioVersion = 10.0.40219.1
Project("{FAE04EC0-301F-11D3-BF4B-00C04F79EFBC}") = "Stock Management System", "Stock Management System\Stock Management System.csproj", "{76510FD6-1ADA-420A-B828-3605A5C5D004}"
EndProject
Global
	GlobalSection(SolutionConfigurationPlatforms) = preSolution
		Debug|Any CPU = Debug|Any CPU
		Release|Any CPU = Release|Any CPU
	EndGlobalSection
	GlobalSection(ProjectConfigurationPlatforms) = postSolution
		{76510FD6-1ADA-420A-B828-3605A5C5D004}.Debug|Any CPU.ActiveCfg = Debug|Any CPU
		{76510FD6-1ADA-420A-B828-3605A5C5D004}.Debug|Any CPU.Build.0 = Debug|Any CPU
		{76510FD6-1ADA-420A-B828-3605A5C5D004}.Release|Any CPU.ActiveCfg = Release|Any CPU
		{76510FD6-1ADA-420A-B828-3605A5C5D004}.Release|Any CPU.Build.0 = Release|Any CPU
	EndGlobalSection
	GlobalSection(SolutionProperties) = preSolution
		HideSolutionNode = FALSE
	EndGlobalSection
	GlobalSection(ExtensibilityGlobals) = postSolution
		SolutionGuid = {91FB9893-7640-43F3-A0CF-6CE5014B31DB}
	EndGlobalSection
EndGlobal
